
Microsoft Visual Studio Solution File, Format Version 12.00
# Visual Studio Version 17
VisualStudioVersion = 17.8.34525.116
MinimumVisualStudioVersion = 10.0.40219.1
Project("{FAE04EC0-301F-11D3-BF4B-00C04F79EFBC}") = "CLDV_Part2", "CLDV_Part2\CLDV_Part2.csproj", "{7BC1603F-BC34-4CE0-9B56-651B3619848C}"
EndProject
Global
	GlobalSection(SolutionConfigurationPlatforms) = preSolution
		Debug|Any CPU = Debug|Any CPU
		Release|Any CPU = Release|Any CPU
	EndGlobalSection
	GlobalSection(ProjectConfigurationPlatforms) = postSolution
		{7BC1603F-BC34-4CE0-9B56-651B3619848C}.Debug|Any CPU.ActiveCfg = Debug|Any CPU
		{7BC1603F-BC34-4CE0-9B56-651B3619848C}.Debug|Any CPU.Build.0 = Debug|Any CPU
		{7BC1603F-BC34-4CE0-9B56-651B3619848C}.Release|Any CPU.ActiveCfg = Release|Any CPU
		{7BC1603F-BC34-4CE0-9B56-651B3619848C}.Release|Any CPU.Build.0 = Release|Any CPU
	EndGlobalSection
	GlobalSection(SolutionProperties) = preSolution
		HideSolutionNode = FALSE
	EndGlobalSection
	GlobalSection(ExtensibilityGlobals) = postSolution
		SolutionGuid = {EA0DD668-DE9E-4977-B602-5E7FED217C7C}
	EndGlobalSection
EndGlobal
